// !$*UTF8*$!
{
	archiveVersion = 1;
	classes = {
	};
	objectVersion = 51;
	objects = {

/* Begin PBXBuildFile section */
		ADA0B3FB26141D3700F9AA4A /* AppDelegate.swift in Sources */ = {isa = PBXBuildFile; fileRef = ADA0B3FA26141D3700F9AA4A /* AppDelegate.swift */; };
		ADA0B3FD26141D3700F9AA4A /* SceneDelegate.swift in Sources */ = {isa = PBXBuildFile; fileRef = ADA0B3FC26141D3700F9AA4A /* SceneDelegate.swift */; };
		ADA0B3FF26141D3700F9AA4A /* ViewController.swift in Sources */ = {isa = PBXBuildFile; fileRef = ADA0B3FE26141D3700F9AA4A /* ViewController.swift */; };
		ADA0B40226141D3700F9AA4A /* Main.storyboard in Resources */ = {isa = PBXBuildFile; fileRef = ADA0B40026141D3700F9AA4A /* Main.storyboard */; };
		ADA0B40426141D3800F9AA4A /* Assets.xcassets in Resources */ = {isa = PBXBuildFile; fileRef = ADA0B40326141D3800F9AA4A /* Assets.xcassets */; };
		ADA0B40726141D3800F9AA4A /* LaunchScreen.storyboard in Resources */ = {isa = PBXBuildFile; fileRef = ADA0B40526141D3800F9AA4A /* LaunchScreen.storyboard */; };
		ADA0B41526141FAC00F9AA4A /* TableViewController.swift in Sources */ = {isa = PBXBuildFile; fileRef = ADA0B41426141FAC00F9AA4A /* TableViewController.swift */; };
		ADA0B4192614200E00F9AA4A /* TableViewCell.swift in Sources */ = {isa = PBXBuildFile; fileRef = ADA0B4172614200E00F9AA4A /* TableViewCell.swift */; };
		ADA0B41A2614200E00F9AA4A /* TableViewCell.xib in Resources */ = {isa = PBXBuildFile; fileRef = ADA0B4182614200E00F9AA4A /* TableViewCell.xib */; };
		ADA0B41D2614214E00F9AA4A /* constant.swift in Sources */ = {isa = PBXBuildFile; fileRef = ADA0B41C2614214E00F9AA4A /* constant.swift */; };
		ADA0B4202614219100F9AA4A /* data.swift in Sources */ = {isa = PBXBuildFile; fileRef = ADA0B41F2614219100F9AA4A /* data.swift */; };
		E9659A0C7AB27E290AF61667 /* Pods_midterm.framework in Frameworks */ = {isa = PBXBuildFile; fileRef = 73BD903B15D670DD7AE29663 /* Pods_midterm.framework */; };
/* End PBXBuildFile section */

/* Begin PBXFileReference section */
		622E6BBC98CF63BED4B7B15B /* Pods-midterm.debug.xcconfig */ = {isa = PBXFileReference; includeInIndex = 1; lastKnownFileType = text.xcconfig; name = "Pods-midterm.debug.xcconfig"; path = "Target Support Files/Pods-midterm/Pods-midterm.debug.xcconfig"; sourceTree = "<group>"; };
		73BD903B15D670DD7AE29663 /* Pods_midterm.framework */ = {isa = PBXFileReference; explicitFileType = wrapper.framework; includeInIndex = 0; path = Pods_midterm.framework; sourceTree = BUILT_PRODUCTS_DIR; };
		A4205902A5A686254282C540 /* Pods-midterm.release.xcconfig */ = {isa = PBXFileReference; includeInIndex = 1; lastKnownFileType = text.xcconfig; name = "Pods-midterm.release.xcconfig"; path = "Target Support Files/Pods-midterm/Pods-midterm.release.xcconfig"; sourceTree = "<group>"; };
		ADA0B3F726141D3700F9AA4A /* midterm.app */ = {isa = PBXFileReference; explicitFileType = wrapper.application; includeInIndex = 0; path = midterm.app; sourceTree = BUILT_PRODUCTS_DIR; };
		ADA0B3FA26141D3700F9AA4A /* AppDelegate.swift */ = {isa = PBXFileReference; lastKnownFileType = sourcecode.swift; path = AppDelegate.swift; sourceTree = "<group>"; };
		ADA0B3FC26141D3700F9AA4A /* SceneDelegate.swift */ = {isa = PBXFileReference; lastKnownFileType = sourcecode.swift; path = SceneDelegate.swift; sourceTree = "<group>"; };
		ADA0B3FE26141D3700F9AA4A /* ViewController.swift */ = {isa = PBXFileReference; lastKnownFileType = sourcecode.swift; path = ViewController.swift; sourceTree = "<group>"; };
		ADA0B40126141D3700F9AA4A /* Base */ = {isa = PBXFileReference; lastKnownFileType = file.storyboard; name = Base; path = Base.lproj/Main.storyboard; sourceTree = "<group>"; };
		ADA0B40326141D3800F9AA4A /* Assets.xcassets */ = {isa = PBXFileReference; lastKnownFileType = folder.assetcatalog; path = Assets.xcassets; sourceTree = "<group>"; };
		ADA0B40626141D3800F9AA4A /* Base */ = {isa = PBXFileReference; lastKnownFileType = file.storyboard; name = Base; path = Base.lproj/LaunchScreen.storyboard; sourceTree = "<group>"; };
		ADA0B40826141D3800F9AA4A /* Info.plist */ = {isa = PBXFileReference; lastKnownFileType = text.plist.xml; path = Info.plist; sourceTree = "<group>"; };
		ADA0B41426141FAC00F9AA4A /* TableViewController.swift */ = {isa = PBXFileReference; lastKnownFileType = sourcecode.swift; path = TableViewController.swift; sourceTree = "<group>"; };
		ADA0B4172614200E00F9AA4A /* TableViewCell.swift */ = {isa = PBXFileReference; lastKnownFileType = sourcecode.swift; path = TableViewCell.swift; sourceTree = "<group>"; };
		ADA0B4182614200E00F9AA4A /* TableViewCell.xib */ = {isa = PBXFileReference; lastKnownFileType = file.xib; path = TableViewCell.xib; sourceTree = "<group>"; };
		ADA0B41C2614214E00F9AA4A /* constant.swift */ = {isa = PBXFileReference; lastKnownFileType = sourcecode.swift; path = constant.swift; sourceTree = "<group>"; };
		ADA0B41F2614219100F9AA4A /* data.swift */ = {isa = PBXFileReference; lastKnownFileType = sourcecode.swift; path = data.swift; sourceTree = "<group>"; };
/* End PBXFileReference section */

/* Begin PBXFrameworksBuildPhase section */
		ADA0B3F426141D3700F9AA4A /* Frameworks */ = {
			isa = PBXFrameworksBuildPhase;
			buildActionMask = 2147483647;
			files = (
				E9659A0C7AB27E290AF61667 /* Pods_midterm.framework in Frameworks */,
			);
			runOnlyForDeploymentPostprocessing = 0;
		};
/* End PBXFrameworksBuildPhase section */

/* Begin PBXGroup section */
		53DEFC2A475EECBF3F7362E7 /* Frameworks */ = {
			isa = PBXGroup;
			children = (
				73BD903B15D670DD7AE29663 /* Pods_midterm.framework */,
			);
			name = Frameworks;
			sourceTree = "<group>";
		};
		9A6DF60A0D430AC405F3B67B /* Pods */ = {
			isa = PBXGroup;
			children = (
				622E6BBC98CF63BED4B7B15B /* Pods-midterm.debug.xcconfig */,
				A4205902A5A686254282C540 /* Pods-midterm.release.xcconfig */,
			);
			path = Pods;
			sourceTree = "<group>";
		};
		ADA0B3EE26141D3700F9AA4A = {
			isa = PBXGroup;
			children = (
				ADA0B3F926141D3700F9AA4A /* midterm */,
				ADA0B3F826141D3700F9AA4A /* Products */,
				9A6DF60A0D430AC405F3B67B /* Pods */,
				53DEFC2A475EECBF3F7362E7 /* Frameworks */,
			);
			sourceTree = "<group>";
		};
		ADA0B3F826141D3700F9AA4A /* Products */ = {
			isa = PBXGroup;
			children = (
				ADA0B3F726141D3700F9AA4A /* midterm.app */,
			);
			name = Products;
			sourceTree = "<group>";
		};
		ADA0B3F926141D3700F9AA4A /* midterm */ = {
			isa = PBXGroup;
			children = (
				ADA0B3FA26141D3700F9AA4A /* AppDelegate.swift */,
				ADA0B3FC26141D3700F9AA4A /* SceneDelegate.swift */,
				ADA0B3FE26141D3700F9AA4A /* ViewController.swift */,
				ADA0B40026141D3700F9AA4A /* Main.storyboard */,
				ADA0B40326141D3800F9AA4A /* Assets.xcassets */,
				ADA0B40526141D3800F9AA4A /* LaunchScreen.storyboard */,
				ADA0B40826141D3800F9AA4A /* Info.plist */,
				ADA0B41426141FAC00F9AA4A /* TableViewController.swift */,
				ADA0B4172614200E00F9AA4A /* TableViewCell.swift */,
				ADA0B4182614200E00F9AA4A /* TableViewCell.xib */,
				ADA0B41C2614214E00F9AA4A /* constant.swift */,
				ADA0B41F2614219100F9AA4A /* data.swift */,
			);
			path = midterm;
			sourceTree = "<group>";
		};
/* End PBXGroup section */

/* Begin PBXNativeTarget section */
		ADA0B3F626141D3700F9AA4A /* midterm */ = {
			isa = PBXNativeTarget;
			buildConfigurationList = ADA0B40B26141D3800F9AA4A /* Build configuration list for PBXNativeTarget "midterm" */;
			buildPhases = (
				3531FCE88B6653A69433C11F /* [CP] Check Pods Manifest.lock */,
				ADA0B3F326141D3700F9AA4A /* Sources */,
				ADA0B3F426141D3700F9AA4A /* Frameworks */,
				ADA0B3F526141D3700F9AA4A /* Resources */,
				1F4A33BA60FFBDBDDA0E9CC6 /* [CP] Embed Pods Frameworks */,
			);
			buildRules = (
			);
			dependencies = (
			);
			name = midterm;
			productName = midterm;
			productReference = ADA0B3F726141D3700F9AA4A /* midterm.app */;
			productType = "com.apple.product-type.application";
		};
/* End PBXNativeTarget section */

/* Begin PBXProject section */
		ADA0B3EF26141D3700F9AA4A /* Project object */ = {
			isa = PBXProject;
			attributes = {
				LastSwiftUpdateCheck = 1240;
				LastUpgradeCheck = 1240;
				TargetAttributes = {
					ADA0B3F626141D3700F9AA4A = {
						CreatedOnToolsVersion = 12.4;
					};
				};
			};
			buildConfigurationList = ADA0B3F226141D3700F9AA4A /* Build configuration list for PBXProject "midterm" */;
			compatibilityVersion = "Xcode 9.3";
			developmentRegion = en;
			hasScannedForEncodings = 0;
			knownRegions = (
				en,
				Base,
			);
			mainGroup = ADA0B3EE26141D3700F9AA4A;
			productRefGroup = ADA0B3F826141D3700F9AA4A /* Products */;
			projectDirPath = "";
			projectRoot = "";
			targets = (
				ADA0B3F626141D3700F9AA4A /* midterm */,
			);
		};
/* End PBXProject section */

/* Begin PBXResourcesBuildPhase section */
		ADA0B3F526141D3700F9AA4A /* Resources */ = {
			isa = PBXResourcesBuildPhase;
			buildActionMask = 2147483647;
			files = (
				ADA0B40726141D3800F9AA4A /* LaunchScreen.storyboard in Resources */,
				ADA0B41A2614200E00F9AA4A /* TableViewCell.xib in Resources */,
				ADA0B40426141D3800F9AA4A /* Assets.xcassets in Resources */,
				ADA0B40226141D3700F9AA4A /* Main.storyboard in Resources */,
			);
			runOnlyForDeploymentPostprocessing = 0;
		};
/* End PBXResourcesBuildPhase section */

/* Begin PBXShellScriptBuildPhase section */
		1F4A33BA60FFBDBDDA0E9CC6 /* [CP] Embed Pods Frameworks */ = {
			isa = PBXShellScriptBuildPhase;
			buildActionMask = 2147483647;
			files = (
			);
			inputFileListPaths = (
				"${PODS_ROOT}/Target Support Files/Pods-midterm/Pods-midterm-frameworks-${CONFIGURATION}-input-files.xcfilelist",
			);
			name = "[CP] Embed Pods Frameworks";
			outputFileListPaths = (
				"${PODS_ROOT}/Target Support Files/Pods-midterm/Pods-midterm-frameworks-${CONFIGURATION}-output-files.xcfilelist",
			);
			runOnlyForDeploymentPostprocessing = 0;
			shellPath = /bin/sh;
			shellScript = "\"${PODS_ROOT}/Target Support Files/Pods-midterm/Pods-midterm-frameworks.sh\"\n";
			showEnvVarsInLog = 0;
		};
		3531FCE88B6653A69433C11F /* [CP] Check Pods Manifest.lock */ = {
			isa = PBXShellScriptBuildPhase;
			buildActionMask = 2147483647;
			files = (
			);
			inputFileListPaths = (
			);
			inputPaths = (
				"${PODS_PODFILE_DIR_PATH}/Podfile.lock",
				"${PODS_ROOT}/Manifest.lock",
			);
			name = "[CP] Check Pods Manifest.lock";
			outputFileListPaths = (
			);
			outputPaths = (
				"$(DERIVED_FILE_DIR)/Pods-midterm-checkManifestLockResult.txt",
			);
			runOnlyForDeploymentPostprocessing = 0;
			shellPath = /bin/sh;
			shellScript = "diff \"${PODS_PODFILE_DIR_PATH}/Podfile.lock\" \"${PODS_ROOT}/Manifest.lock\" > /dev/null\nif [ $? != 0 ] ; then\n    # print error to STDERR\n    echo \"error: The sandbox is not in sync with the Podfile.lock. Run 'pod install' or update your CocoaPods installation.\" >&2\n    exit 1\nfi\n# This output is used by Xcode 'outputs' to avoid re-running this script phase.\necho \"SUCCESS\" > \"${SCRIPT_OUTPUT_FILE_0}\"\n";
			showEnvVarsInLog = 0;
		};
/* End PBXShellScriptBuildPhase section */

/* Begin PBXSourcesBuildPhase section */
		ADA0B3F326141D3700F9AA4A /* Sources */ = {
			isa = PBXSourcesBuildPhase;
			buildActionMask = 2147483647;
			files = (
				ADA0B4192614200E00F9AA4A /* TableViewCell.swift in Sources */,
				ADA0B41D2614214E00F9AA4A /* constant.swift in Sources */,
				ADA0B3FF26141D3700F9AA4A /* ViewController.swift in Sources */,
				ADA0B3FB26141D3700F9AA4A /* AppDelegate.swift in Sources */,
				ADA0B3FD26141D3700F9AA4A /* SceneDelegate.swift in Sources */,
				ADA0B4202614219100F9AA4A /* data.swift in Sources */,
				ADA0B41526141FAC00F9AA4A /* TableViewController.swift in Sources */,
			);
			runOnlyForDeploymentPostprocessing = 0;
		};
/* End PBXSourcesBuildPhase section */

/* Begin PBXVariantGroup section */
		ADA0B40026141D3700F9AA4A /* Main.storyboard */ = {
			isa = PBXVariantGroup;
			children = (
				ADA0B40126141D3700F9AA4A /* Base */,
			);
			name = Main.storyboard;
			sourceTree = "<group>";
		};
		ADA0B40526141D3800F9AA4A /* LaunchScreen.storyboard */ = {
			isa = PBXVariantGroup;
			children = (
				ADA0B40626141D3800F9AA4A /* Base */,
			);
			name = LaunchScreen.storyboard;
			sourceTree = "<group>";
		};
/* End PBXVariantGroup section */

/* Begin XCBuildConfiguration section */
		ADA0B40926141D3800F9AA4A /* Debug */ = {
			isa = XCBuildConfiguration;
			buildSettings = {
				ALWAYS_SEARCH_USER_PATHS = NO;
				CLANG_ANALYZER_NONNULL = YES;
				CLANG_ANALYZER_NUMBER_OBJECT_CONVERSION = YES_AGGRESSIVE;
				CLANG_CXX_LANGUAGE_STANDARD = "gnu++14";
				CLANG_CXX_LIBRARY = "libc++";
				CLANG_ENABLE_MODULES = YES;
				CLANG_ENABLE_OBJC_ARC = YES;
				CLANG_ENABLE_OBJC_WEAK = YES;
				CLANG_WARN_BLOCK_CAPTURE_AUTORELEASING = YES;
				CLANG_WARN_BOOL_CONVERSION = YES;
				CLANG_WARN_COMMA = YES;
				CLANG_WARN_CONSTANT_CONVERSION = YES;
				CLANG_WARN_DEPRECATED_OBJC_IMPLEMENTATIONS = YES;
				CLANG_WARN_DIRECT_OBJC_ISA_USAGE = YES_ERROR;
				CLANG_WARN_DOCUMENTATION_COMMENTS = YES;
				CLANG_WARN_EMPTY_BODY = YES;
				CLANG_WARN_ENUM_CONVERSION = YES;
				CLANG_WARN_INFINITE_RECURSION = YES;
				CLANG_WARN_INT_CONVERSION = YES;
				CLANG_WARN_NON_LITERAL_NULL_CONVERSION = YES;
				CLANG_WARN_OBJC_IMPLICIT_RETAIN_SELF = YES;
				CLANG_WARN_OBJC_LITERAL_CONVERSION = YES;
				CLANG_WARN_OBJC_ROOT_CLASS = YES_ERROR;
				CLANG_WARN_QUOTED_INCLUDE_IN_FRAMEWORK_HEADER = YES;
				CLANG_WARN_RANGE_LOOP_ANALYSIS = YES;
				CLANG_WARN_STRICT_PROTOTYPES = YES;
				CLANG_WARN_SUSPICIOUS_MOVE = YES;
				CLANG_WARN_UNGUARDED_AVAILABILITY = YES_AGGRESSIVE;
				CLANG_WARN_UNREACHABLE_CODE = YES;
				CLANG_WARN__DUPLICATE_METHOD_MATCH = YES;
				COPY_PHASE_STRIP = NO;
				DEBUG_INFORMATION_FORMAT = dwarf;
				ENABLE_STRICT_OBJC_MSGSEND = YES;
				ENABLE_TESTABILITY = YES;
				GCC_C_LANGUAGE_STANDARD = gnu11;
				GCC_DYNAMIC_NO_PIC = NO;
				GCC_NO_COMMON_BLOCKS = YES;
				GCC_OPTIMIZATION_LEVEL = 0;
				GCC_PREPROCESSOR_DEFINITIONS = (
					"DEBUG=1",
					"$(inherited)",
				);
				GCC_WARN_64_TO_32_BIT_CONVERSION = YES;
				GCC_WARN_ABOUT_RETURN_TYPE = YES_ERROR;
				GCC_WARN_UNDECLARED_SELECTOR = YES;
				GCC_WARN_UNINITIALIZED_AUTOS = YES_AGGRESSIVE;
				GCC_WARN_UNUSED_FUNCTION = YES;
				GCC_WARN_UNUSED_VARIABLE = YES;
				IPHONEOS_DEPLOYMENT_TARGET = 14.4;
				MTL_ENABLE_DEBUG_INFO = INCLUDE_SOURCE;
				MTL_FAST_MATH = YES;
				ONLY_ACTIVE_ARCH = YES;
				SDKROOT = iphoneos;
				SWIFT_ACTIVE_COMPILATION_CONDITIONS = DEBUG;
				SWIFT_OPTIMIZATION_LEVEL = "-Onone";
			};
			name = Debug;
		};
		ADA0B40A26141D3800F9AA4A /* Release */ = {
			isa = XCBuildConfiguration;
			buildSettings = {
				ALWAYS_SEARCH_USER_PATHS = NO;
				CLANG_ANALYZER_NONNULL = YES;
				CLANG_ANALYZER_NUMBER_OBJECT_CONVERSION = YES_AGGRESSIVE;
				CLANG_CXX_LANGUAGE_STANDARD = "gnu++14";
				CLANG_CXX_LIBRARY = "libc++";
				CLANG_ENABLE_MODULES = YES;
				CLANG_ENABLE_OBJC_ARC = YES;
				CLANG_ENABLE_OBJC_WEAK = YES;
				CLANG_WARN_BLOCK_CAPTURE_AUTORELEASING = YES;
				CLANG_WARN_BOOL_CONVERSION = YES;
				CLANG_WARN_COMMA = YES;
				CLANG_WARN_CONSTANT_CONVERSION = YES;
				CLANG_WARN_DEPRECATED_OBJC_IMPLEMENTATIONS = YES;
				CLANG_WARN_DIRECT_OBJC_ISA_USAGE = YES_ERROR;
				CLANG_WARN_DOCUMENTATION_COMMENTS = YES;
				CLANG_WARN_EMPTY_BODY = YES;
				CLANG_WARN_ENUM_CONVERSION = YES;
				CLANG_WARN_INFINITE_RECURSION = YES;
				CLANG_WARN_INT_CONVERSION = YES;
				CLANG_WARN_NON_LITERAL_NULL_CONVERSION = YES;
				CLANG_WARN_OBJC_IMPLICIT_RETAIN_SELF = YES;
				CLANG_WARN_OBJC_LITERAL_CONVERSION = YES;
				CLANG_WARN_OBJC_ROOT_CLASS = YES_ERROR;
				CLANG_WARN_QUOTED_INCLUDE_IN_FRAMEWORK_HEADER = YES;
				CLANG_WARN_RANGE_LOOP_ANALYSIS = YES;
				CLANG_WARN_STRICT_PROTOTYPES = YES;
				CLANG_WARN_SUSPICIOUS_MOVE = YES;
				CLANG_WARN_UNGUARDED_AVAILABILITY = YES_AGGRESSIVE;
				CLANG_WARN_UNREACHABLE_CODE = YES;
				CLANG_WARN__DUPLICATE_METHOD_MATCH = YES;
				COPY_PHASE_STRIP = NO;
				DEBUG_INFORMATION_FORMAT = "dwarf-with-dsym";
				ENABLE_NS_ASSERTIONS = NO;
				ENABLE_STRICT_OBJC_MSGSEND = YES;
				GCC_C_LANGUAGE_STANDARD = gnu11;
				GCC_NO_COMMON_BLOCKS = YES;
				GCC_WARN_64_TO_32_BIT_CONVERSION = YES;
				GCC_WARN_ABOUT_RETURN_TYPE = YES_ERROR;
				GCC_WARN_UNDECLARED_SELECTOR = YES;
				GCC_WARN_UNINITIALIZED_AUTOS = YES_AGGRESSIVE;
				GCC_WARN_UNUSED_FUNCTION = YES;
				GCC_WARN_UNUSED_VARIABLE = YES;
				IPHONEOS_DEPLOYMENT_TARGET = 14.4;
				MTL_ENABLE_DEBUG_INFO = NO;
				MTL_FAST_MATH = YES;
				SDKROOT = iphoneos;
				SWIFT_COMPILATION_MODE = wholemodule;
				SWIFT_OPTIMIZATION_LEVEL = "-O";
				VALIDATE_PRODUCT = YES;
			};
			name = Release;
		};
		ADA0B40C26141D3800F9AA4A /* Debug */ = {
			isa = XCBuildConfiguration;
			baseConfigurationReference = 622E6BBC98CF63BED4B7B15B /* Pods-midterm.debug.xcconfig */;
			buildSettings = {
				ASSETCATALOG_COMPILER_APPICON_NAME = AppIcon;
				ASSETCATALOG_COMPILER_GLOBAL_ACCENT_COLOR_NAME = AccentColor;
				CODE_SIGN_STYLE = Automatic;
				INFOPLIST_FILE = midterm/Info.plist;
				LD_RUNPATH_SEARCH_PATHS = (
					"$(inherited)",
					"@executable_path/Frameworks",
				);
				PRODUCT_BUNDLE_IDENTIFIER = edu.northeastern.ruwei.midterm;
				PRODUCT_NAME = "$(TARGET_NAME)";
				SWIFT_VERSION = 5.0;
				TARGETED_DEVICE_FAMILY = "1,2";
			};
			name = Debug;
		};
		ADA0B40D26141D3800F9AA4A /* Release */ = {
			isa = XCBuildConfiguration;
			baseConfigurationReference = A4205902A5A686254282C540 /* Pods-midterm.release.xcconfig */;
			buildSettings = {
				ASSETCATALOG_COMPILER_APPICON_NAME = AppIcon;
				ASSETCATALOG_COMPILER_GLOBAL_ACCENT_COLOR_NAME = AccentColor;
				CODE_SIGN_STYLE = Automatic;
				INFOPLIST_FILE = midterm/Info.plist;
				LD_RUNPATH_SEARCH_PATHS = (
					"$(inherited)",
					"@executable_path/Frameworks",
				);
				PRODUCT_BUNDLE_IDENTIFIER = edu.northeastern.ruwei.midterm;
				PRODUCT_NAME = "$(TARGET_NAME)";
				SWIFT_VERSION = 5.0;
				TARGETED_DEVICE_FAMILY = "1,2";
			};
			name = Release;
		};
/* End XCBuildConfiguration section */

/* Begin XCConfigurationList section */
		ADA0B3F226141D3700F9AA4A /* Build configuration list for PBXProject "midterm" */ = {
			isa = XCConfigurationList;
			buildConfigurations = (
				ADA0B40926141D3800F9AA4A /* Debug */,
				ADA0B40A26141D3800F9AA4A /* Release */,
			);
			defaultConfigurationIsVisible = 0;
			defaultConfigurationName = Release;
		};
		ADA0B40B26141D3800F9AA4A /* Build configuration list for PBXNativeTarget "midterm" */ = {
			isa = XCConfigurationList;
			buildConfigurations = (
				ADA0B40C26141D3800F9AA4A /* Debug */,
				ADA0B40D26141D3800F9AA4A /* Release */,
			);
			defaultConfigurationIsVisible = 0;
			defaultConfigurationName = Release;
		};
/* End XCConfigurationList section */
	};
	rootObject = ADA0B3EF26141D3700F9AA4A /* Project object */;
}
